// !$*UTF8*$!
{
	archiveVersion = 1;
	classes = {
	};
	objectVersion = 46;
	objects = {

/* Begin PBXBuildFile section */
		0008D2971EAAE0E0001664ED /* Foundation.framework in Frameworks */ = {isa = PBXBuildFile; fileRef = 0008D2961EAAE0E0001664ED /* Foundation.framework */; };
		0008D2991EAAE0E7001664ED /* UIKit.framework in Frameworks */ = {isa = PBXBuildFile; fileRef = 0008D2981EAAE0E7001664ED /* UIKit.framework */; };
		0008D29B1EAAE0ED001664ED /* CoreGraphics.framework in Frameworks */ = {isa = PBXBuildFile; fileRef = 0008D29A1EAAE0ED001664ED /* CoreGraphics.framework */; };
		0008D29D1EAAE0F3001664ED /* QuartzCore.framework in Frameworks */ = {isa = PBXBuildFile; fileRef = 0008D29C1EAAE0F3001664ED /* QuartzCore.framework */; };
		0008D29F1EAAE0F9001664ED /* OpenGLES.framework in Frameworks */ = {isa = PBXBuildFile; fileRef = 0008D29E1EAAE0F9001664ED /* OpenGLES.framework */; };
		0008D2AA1EAAE797001664ED /* BaseScene.mm in Sources */ = {isa = PBXBuildFile; fileRef = 0008D2A81EAAE797001664ED /* BaseScene.mm */; };
		0008D2AD1EAAE7E4001664ED /* FirstScene.mm in Sources */ = {isa = PBXBuildFile; fileRef = 0008D2AB1EAAE7E4001664ED /* FirstScene.mm */; };
		0008D2BA1EAAEFF6001664ED /* Timer.mm in Sources */ = {isa = PBXBuildFile; fileRef = 0008D2B81EAAEFF6001664ED /* Timer.mm */; };
		00702E1E1ECDBCA0001916B6 /* leaves.gif in Resources */ = {isa = PBXBuildFile; fileRef = 00702E1D1ECDBCA0001916B6 /* leaves.gif */; };
		00819DED1EAB1C2F001EC3B4 /* GLKit.framework in Frameworks */ = {isa = PBXBuildFile; fileRef = 00819DEC1EAB1C2F001EC3B4 /* GLKit.framework */; };
		00819DF11EAB2748001EC3B4 /* Triangle.mm in Sources */ = {isa = PBXBuildFile; fileRef = 00819DEF1EAB2748001EC3B4 /* Triangle.mm */; };
		00819DF41EAB275F001EC3B4 /* BaseObject.mm in Sources */ = {isa = PBXBuildFile; fileRef = 00819DF21EAB275F001EC3B4 /* BaseObject.mm */; };
		00819DF71EAB2F9F001EC3B4 /* SceneManager.mm in Sources */ = {isa = PBXBuildFile; fileRef = 00819DF51EAB2F9F001EC3B4 /* SceneManager.mm */; };
		00F8BFFE1EBF17EA00A267B1 /* VertexArray.mm in Sources */ = {isa = PBXBuildFile; fileRef = 00F8BFFC1EBF17EA00A267B1 /* VertexArray.mm */; };
		00F8C0091EBF3D1000A267B1 /* Material.mm in Sources */ = {isa = PBXBuildFile; fileRef = 00F8C0071EBF3D1000A267B1 /* Material.mm */; };
		00F8C00C1EBF40B700A267B1 /* TextureManager.mm in Sources */ = {isa = PBXBuildFile; fileRef = 00F8C00A1EBF40B700A267B1 /* TextureManager.mm */; };
		00FEDA0F1EAADFD900D9BDA4 /* main.m in Sources */ = {isa = PBXBuildFile; fileRef = 00FEDA0E1EAADFD900D9BDA4 /* main.m */; };
		00FEDA121EAADFD900D9BDA4 /* AppDelegate.m in Sources */ = {isa = PBXBuildFile; fileRef = 00FEDA111EAADFD900D9BDA4 /* AppDelegate.m */; };
		00FEDA151EAADFD900D9BDA4 /* ViewController.mm in Sources */ = {isa = PBXBuildFile; fileRef = 00FEDA141EAADFD900D9BDA4 /* ViewController.mm */; };
		00FEDA181EAADFD900D9BDA4 /* Main.storyboard in Resources */ = {isa = PBXBuildFile; fileRef = 00FEDA161EAADFD900D9BDA4 /* Main.storyboard */; };
		00FEDA1A1EAADFD900D9BDA4 /* Assets.xcassets in Resources */ = {isa = PBXBuildFile; fileRef = 00FEDA191EAADFD900D9BDA4 /* Assets.xcassets */; };
		00FEDA1D1EAADFD900D9BDA4 /* LaunchScreen.storyboard in Resources */ = {isa = PBXBuildFile; fileRef = 00FEDA1B1EAADFD900D9BDA4 /* LaunchScreen.storyboard */; };
		00FEDA281EAADFDA00D9BDA4 /* OpenGLESStudyTests.m in Sources */ = {isa = PBXBuildFile; fileRef = 00FEDA271EAADFDA00D9BDA4 /* OpenGLESStudyTests.m */; };
		00FEDA331EAADFDA00D9BDA4 /* OpenGLESStudyUITests.m in Sources */ = {isa = PBXBuildFile; fileRef = 00FEDA321EAADFDA00D9BDA4 /* OpenGLESStudyUITests.m */; };
/* End PBXBuildFile section */

/* Begin PBXContainerItemProxy section */
		00FEDA241EAADFDA00D9BDA4 /* PBXContainerItemProxy */ = {
			isa = PBXContainerItemProxy;
			containerPortal = 00FEDA021EAADFD900D9BDA4 /* Project object */;
			proxyType = 1;
			remoteGlobalIDString = 00FEDA091EAADFD900D9BDA4;
			remoteInfo = OpenGLESStudy;
		};
		00FEDA2F1EAADFDA00D9BDA4 /* PBXContainerItemProxy */ = {
			isa = PBXContainerItemProxy;
			containerPortal = 00FEDA021EAADFD900D9BDA4 /* Project object */;
			proxyType = 1;
			remoteGlobalIDString = 00FEDA091EAADFD900D9BDA4;
			remoteInfo = OpenGLESStudy;
		};
/* End PBXContainerItemProxy section */

/* Begin PBXFileReference section */
		0008D2961EAAE0E0001664ED /* Foundation.framework */ = {isa = PBXFileReference; lastKnownFileType = wrapper.framework; name = Foundation.framework; path = System/Library/Frameworks/Foundation.framework; sourceTree = SDKROOT; };
		0008D2981EAAE0E7001664ED /* UIKit.framework */ = {isa = PBXFileReference; lastKnownFileType = wrapper.framework; name = UIKit.framework; path = System/Library/Frameworks/UIKit.framework; sourceTree = SDKROOT; };
		0008D29A1EAAE0ED001664ED /* CoreGraphics.framework */ = {isa = PBXFileReference; lastKnownFileType = wrapper.framework; name = CoreGraphics.framework; path = System/Library/Frameworks/CoreGraphics.framework; sourceTree = SDKROOT; };
		0008D29C1EAAE0F3001664ED /* QuartzCore.framework */ = {isa = PBXFileReference; lastKnownFileType = wrapper.framework; name = QuartzCore.framework; path = System/Library/Frameworks/QuartzCore.framework; sourceTree = SDKROOT; };
		0008D29E1EAAE0F9001664ED /* OpenGLES.framework */ = {isa = PBXFileReference; lastKnownFileType = wrapper.framework; name = OpenGLES.framework; path = System/Library/Frameworks/OpenGLES.framework; sourceTree = SDKROOT; };
		0008D2A81EAAE797001664ED /* BaseScene.mm */ = {isa = PBXFileReference; fileEncoding = 4; lastKnownFileType = sourcecode.cpp.objcpp; name = BaseScene.mm; path = Framework/Scene/BaseScene.mm; sourceTree = "<group>"; };
		0008D2A91EAAE797001664ED /* BaseScene.h */ = {isa = PBXFileReference; fileEncoding = 4; lastKnownFileType = sourcecode.c.h; name = BaseScene.h; path = Framework/Scene/BaseScene.h; sourceTree = "<group>"; };
		0008D2AB1EAAE7E4001664ED /* FirstScene.mm */ = {isa = PBXFileReference; fileEncoding = 4; lastKnownFileType = sourcecode.cpp.objcpp; name = FirstScene.mm; path = Framework/Scene/FirstScene.mm; sourceTree = "<group>"; };
		0008D2AC1EAAE7E4001664ED /* FirstScene.h */ = {isa = PBXFileReference; fileEncoding = 4; lastKnownFileType = sourcecode.c.h; name = FirstScene.h; path = Framework/Scene/FirstScene.h; sourceTree = "<group>"; };
		0008D2B81EAAEFF6001664ED /* Timer.mm */ = {isa = PBXFileReference; fileEncoding = 4; lastKnownFileType = sourcecode.cpp.objcpp; name = Timer.mm; path = Framework/Timer.mm; sourceTree = "<group>"; };
		0008D2B91EAAEFF6001664ED /* Timer.h */ = {isa = PBXFileReference; fileEncoding = 4; lastKnownFileType = sourcecode.c.h; name = Timer.h; path = Framework/Timer.h; sourceTree = "<group>"; };
		00702E1D1ECDBCA0001916B6 /* leaves.gif */ = {isa = PBXFileReference; lastKnownFileType = image.gif; path = leaves.gif; sourceTree = "<group>"; };
		00819DEC1EAB1C2F001EC3B4 /* GLKit.framework */ = {isa = PBXFileReference; lastKnownFileType = wrapper.framework; name = GLKit.framework; path = System/Library/Frameworks/GLKit.framework; sourceTree = SDKROOT; };
		00819DEF1EAB2748001EC3B4 /* Triangle.mm */ = {isa = PBXFileReference; fileEncoding = 4; lastKnownFileType = sourcecode.cpp.objcpp; name = Triangle.mm; path = Framework/Object/Triangle.mm; sourceTree = "<group>"; };
		00819DF01EAB2748001EC3B4 /* Triangle.h */ = {isa = PBXFileReference; fileEncoding = 4; lastKnownFileType = sourcecode.c.h; name = Triangle.h; path = Framework/Object/Triangle.h; sourceTree = "<group>"; };
		00819DF21EAB275F001EC3B4 /* BaseObject.mm */ = {isa = PBXFileReference; fileEncoding = 4; lastKnownFileType = sourcecode.cpp.objcpp; name = BaseObject.mm; path = Framework/Object/BaseObject.mm; sourceTree = "<group>"; };
		00819DF31EAB275F001EC3B4 /* BaseObject.h */ = {isa = PBXFileReference; fileEncoding = 4; lastKnownFileType = sourcecode.c.h; name = BaseObject.h; path = Framework/Object/BaseObject.h; sourceTree = "<group>"; };
		00819DF51EAB2F9F001EC3B4 /* SceneManager.mm */ = {isa = PBXFileReference; fileEncoding = 4; lastKnownFileType = sourcecode.cpp.objcpp; name = SceneManager.mm; path = Framework/SceneManager.mm; sourceTree = "<group>"; };
		00819DF61EAB2F9F001EC3B4 /* SceneManager.h */ = {isa = PBXFileReference; fileEncoding = 4; lastKnownFileType = sourcecode.c.h; name = SceneManager.h; path = Framework/SceneManager.h; sourceTree = "<group>"; };
		00F8BFFC1EBF17EA00A267B1 /* VertexArray.mm */ = {isa = PBXFileReference; fileEncoding = 4; lastKnownFileType = sourcecode.cpp.objcpp; name = VertexArray.mm; path = Framework/VertexArray.mm; sourceTree = "<group>"; };
		00F8BFFD1EBF17EA00A267B1 /* VertexArray.h */ = {isa = PBXFileReference; fileEncoding = 4; lastKnownFileType = sourcecode.c.h; name = VertexArray.h; path = Framework/VertexArray.h; sourceTree = "<group>"; };
		00F8C0071EBF3D1000A267B1 /* Material.mm */ = {isa = PBXFileReference; fileEncoding = 4; lastKnownFileType = sourcecode.cpp.objcpp; name = Material.mm; path = Framework/Material.mm; sourceTree = "<group>"; };
		00F8C0081EBF3D1000A267B1 /* Material.h */ = {isa = PBXFileReference; fileEncoding = 4; lastKnownFileType = sourcecode.c.h; name = Material.h; path = Framework/Material.h; sourceTree = "<group>"; };
		00F8C00A1EBF40B700A267B1 /* TextureManager.mm */ = {isa = PBXFileReference; fileEncoding = 4; lastKnownFileType = sourcecode.cpp.objcpp; name = TextureManager.mm; path = Framework/TextureManager.mm; sourceTree = "<group>"; };
		00F8C00B1EBF40B700A267B1 /* TextureManager.h */ = {isa = PBXFileReference; fileEncoding = 4; lastKnownFileType = sourcecode.c.h; name = TextureManager.h; path = Framework/TextureManager.h; sourceTree = "<group>"; };
		00FEDA0A1EAADFD900D9BDA4 /* OpenGLESStudy.app */ = {isa = PBXFileReference; explicitFileType = wrapper.application; includeInIndex = 0; path = OpenGLESStudy.app; sourceTree = BUILT_PRODUCTS_DIR; };
		00FEDA0E1EAADFD900D9BDA4 /* main.m */ = {isa = PBXFileReference; lastKnownFileType = sourcecode.c.objc; path = main.m; sourceTree = "<group>"; };
		00FEDA101EAADFD900D9BDA4 /* AppDelegate.h */ = {isa = PBXFileReference; lastKnownFileType = sourcecode.c.h; path = AppDelegate.h; sourceTree = "<group>"; };
		00FEDA111EAADFD900D9BDA4 /* AppDelegate.m */ = {isa = PBXFileReference; lastKnownFileType = sourcecode.c.objc; path = AppDelegate.m; sourceTree = "<group>"; };
		00FEDA131EAADFD900D9BDA4 /* ViewController.h */ = {isa = PBXFileReference; lastKnownFileType = sourcecode.c.h; path = ViewController.h; sourceTree = "<group>"; };
		00FEDA141EAADFD900D9BDA4 /* ViewController.mm */ = {isa = PBXFileReference; lastKnownFileType = sourcecode.cpp.objcpp; path = ViewController.mm; sourceTree = "<group>"; };
		00FEDA171EAADFD900D9BDA4 /* Base */ = {isa = PBXFileReference; lastKnownFileType = file.storyboard; name = Base; path = Base.lproj/Main.storyboard; sourceTree = "<group>"; };
		00FEDA191EAADFD900D9BDA4 /* Assets.xcassets */ = {isa = PBXFileReference; lastKnownFileType = folder.assetcatalog; path = Assets.xcassets; sourceTree = "<group>"; };
		00FEDA1C1EAADFD900D9BDA4 /* Base */ = {isa = PBXFileReference; lastKnownFileType = file.storyboard; name = Base; path = Base.lproj/LaunchScreen.storyboard; sourceTree = "<group>"; };
		00FEDA1E1EAADFD900D9BDA4 /* Info.plist */ = {isa = PBXFileReference; lastKnownFileType = text.plist.xml; path = Info.plist; sourceTree = "<group>"; };
		00FEDA231EAADFDA00D9BDA4 /* OpenGLESStudyTests.xctest */ = {isa = PBXFileReference; explicitFileType = wrapper.cfbundle; includeInIndex = 0; path = OpenGLESStudyTests.xctest; sourceTree = BUILT_PRODUCTS_DIR; };
		00FEDA271EAADFDA00D9BDA4 /* OpenGLESStudyTests.m */ = {isa = PBXFileReference; lastKnownFileType = sourcecode.c.objc; path = OpenGLESStudyTests.m; sourceTree = "<group>"; };
		00FEDA291EAADFDA00D9BDA4 /* Info.plist */ = {isa = PBXFileReference; lastKnownFileType = text.plist.xml; path = Info.plist; sourceTree = "<group>"; };
		00FEDA2E1EAADFDA00D9BDA4 /* OpenGLESStudyUITests.xctest */ = {isa = PBXFileReference; explicitFileType = wrapper.cfbundle; includeInIndex = 0; path = OpenGLESStudyUITests.xctest; sourceTree = BUILT_PRODUCTS_DIR; };
		00FEDA321EAADFDA00D9BDA4 /* OpenGLESStudyUITests.m */ = {isa = PBXFileReference; lastKnownFileType = sourcecode.c.objc; path = OpenGLESStudyUITests.m; sourceTree = "<group>"; };
		00FEDA341EAADFDA00D9BDA4 /* Info.plist */ = {isa = PBXFileReference; lastKnownFileType = text.plist.xml; path = Info.plist; sourceTree = "<group>"; };
/* End PBXFileReference section */

/* Begin PBXFrameworksBuildPhase section */
		00FEDA071EAADFD900D9BDA4 /* Frameworks */ = {
			isa = PBXFrameworksBuildPhase;
			buildActionMask = 2147483647;
			files = (
				00819DED1EAB1C2F001EC3B4 /* GLKit.framework in Frameworks */,
				0008D29F1EAAE0F9001664ED /* OpenGLES.framework in Frameworks */,
				0008D29D1EAAE0F3001664ED /* QuartzCore.framework in Frameworks */,
				0008D29B1EAAE0ED001664ED /* CoreGraphics.framework in Frameworks */,
				0008D2991EAAE0E7001664ED /* UIKit.framework in Frameworks */,
				0008D2971EAAE0E0001664ED /* Foundation.framework in Frameworks */,
			);
			runOnlyForDeploymentPostprocessing = 0;
		};
		00FEDA201EAADFDA00D9BDA4 /* Frameworks */ = {
			isa = PBXFrameworksBuildPhase;
			buildActionMask = 2147483647;
			files = (
			);
			runOnlyForDeploymentPostprocessing = 0;
		};
		00FEDA2B1EAADFDA00D9BDA4 /* Frameworks */ = {
			isa = PBXFrameworksBuildPhase;
			buildActionMask = 2147483647;
			files = (
			);
			runOnlyForDeploymentPostprocessing = 0;
		};
/* End PBXFrameworksBuildPhase section */

/* Begin PBXGroup section */
		0008D2951EAAE0E0001664ED /* Frameworks */ = {
			isa = PBXGroup;
			children = (
				00819DEC1EAB1C2F001EC3B4 /* GLKit.framework */,
				0008D29E1EAAE0F9001664ED /* OpenGLES.framework */,
				0008D29C1EAAE0F3001664ED /* QuartzCore.framework */,
				0008D29A1EAAE0ED001664ED /* CoreGraphics.framework */,
				0008D2981EAAE0E7001664ED /* UIKit.framework */,
				0008D2961EAAE0E0001664ED /* Foundation.framework */,
			);
			name = Frameworks;
			sourceTree = "<group>";
		};
		0008D2A01EAAE37D001664ED /* Framework */ = {
			isa = PBXGroup;
			children = (
				00819DEE1EAB2720001EC3B4 /* Object */,
				0008D2A71EAAE781001664ED /* Scene */,
				0008D2B81EAAEFF6001664ED /* Timer.mm */,
				0008D2B91EAAEFF6001664ED /* Timer.h */,
				00819DF51EAB2F9F001EC3B4 /* SceneManager.mm */,
				00819DF61EAB2F9F001EC3B4 /* SceneManager.h */,
				00F8BFFC1EBF17EA00A267B1 /* VertexArray.mm */,
				00F8BFFD1EBF17EA00A267B1 /* VertexArray.h */,
				00F8C0071EBF3D1000A267B1 /* Material.mm */,
				00F8C0081EBF3D1000A267B1 /* Material.h */,
				00F8C00A1EBF40B700A267B1 /* TextureManager.mm */,
				00F8C00B1EBF40B700A267B1 /* TextureManager.h */,
			);
			name = Framework;
			sourceTree = "<group>";
		};
		0008D2A71EAAE781001664ED /* Scene */ = {
			isa = PBXGroup;
			children = (
				0008D2A81EAAE797001664ED /* BaseScene.mm */,
				0008D2A91EAAE797001664ED /* BaseScene.h */,
				0008D2AB1EAAE7E4001664ED /* FirstScene.mm */,
				0008D2AC1EAAE7E4001664ED /* FirstScene.h */,
			);
			name = Scene;
			sourceTree = "<group>";
		};
		00819DEE1EAB2720001EC3B4 /* Object */ = {
			isa = PBXGroup;
			children = (
				00819DEF1EAB2748001EC3B4 /* Triangle.mm */,
				00819DF01EAB2748001EC3B4 /* Triangle.h */,
				00819DF21EAB275F001EC3B4 /* BaseObject.mm */,
				00819DF31EAB275F001EC3B4 /* BaseObject.h */,
			);
			name = Object;
			sourceTree = "<group>";
		};
		00FEDA011EAADFD900D9BDA4 = {
			isa = PBXGroup;
			children = (
				00FEDA0C1EAADFD900D9BDA4 /* OpenGLESStudy */,
				00FEDA261EAADFDA00D9BDA4 /* OpenGLESStudyTests */,
				00FEDA311EAADFDA00D9BDA4 /* OpenGLESStudyUITests */,
				00FEDA0B1EAADFD900D9BDA4 /* Products */,
				0008D2951EAAE0E0001664ED /* Frameworks */,
			);
			sourceTree = "<group>";
		};
		00FEDA0B1EAADFD900D9BDA4 /* Products */ = {
			isa = PBXGroup;
			children = (
				00FEDA0A1EAADFD900D9BDA4 /* OpenGLESStudy.app */,
				00FEDA231EAADFDA00D9BDA4 /* OpenGLESStudyTests.xctest */,
				00FEDA2E1EAADFDA00D9BDA4 /* OpenGLESStudyUITests.xctest */,
			);
			name = Products;
			sourceTree = "<group>";
		};
		00FEDA0C1EAADFD900D9BDA4 /* OpenGLESStudy */ = {
			isa = PBXGroup;
			children = (
				0008D2A01EAAE37D001664ED /* Framework */,
				00FEDA101EAADFD900D9BDA4 /* AppDelegate.h */,
				00FEDA111EAADFD900D9BDA4 /* AppDelegate.m */,
				00FEDA131EAADFD900D9BDA4 /* ViewController.h */,
				00FEDA141EAADFD900D9BDA4 /* ViewController.mm */,
				00FEDA161EAADFD900D9BDA4 /* Main.storyboard */,
				00FEDA191EAADFD900D9BDA4 /* Assets.xcassets */,
				00FEDA1B1EAADFD900D9BDA4 /* LaunchScreen.storyboard */,
				00FEDA1E1EAADFD900D9BDA4 /* Info.plist */,
				00FEDA0D1EAADFD900D9BDA4 /* Supporting Files */,
			);
			path = OpenGLESStudy;
			sourceTree = "<group>";
		};
		00FEDA0D1EAADFD900D9BDA4 /* Supporting Files */ = {
			isa = PBXGroup;
			children = (
				00702E1D1ECDBCA0001916B6 /* leaves.gif */,
				00FEDA0E1EAADFD900D9BDA4 /* main.m */,
			);
			name = "Supporting Files";
			sourceTree = "<group>";
		};
		00FEDA261EAADFDA00D9BDA4 /* OpenGLESStudyTests */ = {
			isa = PBXGroup;
			children = (
				00FEDA271EAADFDA00D9BDA4 /* OpenGLESStudyTests.m */,
				00FEDA291EAADFDA00D9BDA4 /* Info.plist */,
			);
			path = OpenGLESStudyTests;
			sourceTree = "<group>";
		};
		00FEDA311EAADFDA00D9BDA4 /* OpenGLESStudyUITests */ = {
			isa = PBXGroup;
			children = (
				00FEDA321EAADFDA00D9BDA4 /* OpenGLESStudyUITests.m */,
				00FEDA341EAADFDA00D9BDA4 /* Info.plist */,
			);
			path = OpenGLESStudyUITests;
			sourceTree = "<group>";
		};
/* End PBXGroup section */

/* Begin PBXNativeTarget section */
		00FEDA091EAADFD900D9BDA4 /* OpenGLESStudy */ = {
			isa = PBXNativeTarget;
			buildConfigurationList = 00FEDA371EAADFDA00D9BDA4 /* Build configuration list for PBXNativeTarget "OpenGLESStudy" */;
			buildPhases = (
				00FEDA061EAADFD900D9BDA4 /* Sources */,
				00FEDA071EAADFD900D9BDA4 /* Frameworks */,
				00FEDA081EAADFD900D9BDA4 /* Resources */,
			);
			buildRules = (
			);
			dependencies = (
			);
			name = OpenGLESStudy;
			productName = OpenGLESStudy;
			productReference = 00FEDA0A1EAADFD900D9BDA4 /* OpenGLESStudy.app */;
			productType = "com.apple.product-type.application";
		};
		00FEDA221EAADFDA00D9BDA4 /* OpenGLESStudyTests */ = {
			isa = PBXNativeTarget;
			buildConfigurationList = 00FEDA3A1EAADFDA00D9BDA4 /* Build configuration list for PBXNativeTarget "OpenGLESStudyTests" */;
			buildPhases = (
				00FEDA1F1EAADFDA00D9BDA4 /* Sources */,
				00FEDA201EAADFDA00D9BDA4 /* Frameworks */,
				00FEDA211EAADFDA00D9BDA4 /* Resources */,
			);
			buildRules = (
			);
			dependencies = (
				00FEDA251EAADFDA00D9BDA4 /* PBXTargetDependency */,
			);
			name = OpenGLESStudyTests;
			productName = OpenGLESStudyTests;
			productReference = 00FEDA231EAADFDA00D9BDA4 /* OpenGLESStudyTests.xctest */;
			productType = "com.apple.product-type.bundle.unit-test";
		};
		00FEDA2D1EAADFDA00D9BDA4 /* OpenGLESStudyUITests */ = {
			isa = PBXNativeTarget;
			buildConfigurationList = 00FEDA3D1EAADFDA00D9BDA4 /* Build configuration list for PBXNativeTarget "OpenGLESStudyUITests" */;
			buildPhases = (
				00FEDA2A1EAADFDA00D9BDA4 /* Sources */,
				00FEDA2B1EAADFDA00D9BDA4 /* Frameworks */,
				00FEDA2C1EAADFDA00D9BDA4 /* Resources */,
			);
			buildRules = (
			);
			dependencies = (
				00FEDA301EAADFDA00D9BDA4 /* PBXTargetDependency */,
			);
			name = OpenGLESStudyUITests;
			productName = OpenGLESStudyUITests;
			productReference = 00FEDA2E1EAADFDA00D9BDA4 /* OpenGLESStudyUITests.xctest */;
			productType = "com.apple.product-type.bundle.ui-testing";
		};
/* End PBXNativeTarget section */

/* Begin PBXProject section */
		00FEDA021EAADFD900D9BDA4 /* Project object */ = {
			isa = PBXProject;
			attributes = {
				LastUpgradeCheck = 0830;
				ORGANIZATIONNAME = "장윤형";
				TargetAttributes = {
					00FEDA091EAADFD900D9BDA4 = {
						CreatedOnToolsVersion = 8.3.2;
						ProvisioningStyle = Automatic;
					};
					00FEDA221EAADFDA00D9BDA4 = {
						CreatedOnToolsVersion = 8.3.2;
						ProvisioningStyle = Automatic;
						TestTargetID = 00FEDA091EAADFD900D9BDA4;
					};
					00FEDA2D1EAADFDA00D9BDA4 = {
						CreatedOnToolsVersion = 8.3.2;
						ProvisioningStyle = Automatic;
						TestTargetID = 00FEDA091EAADFD900D9BDA4;
					};
				};
			};
			buildConfigurationList = 00FEDA051EAADFD900D9BDA4 /* Build configuration list for PBXProject "OpenGLESStudy" */;
			compatibilityVersion = "Xcode 3.2";
			developmentRegion = English;
			hasScannedForEncodings = 0;
			knownRegions = (
				en,
				Base,
			);
			mainGroup = 00FEDA011EAADFD900D9BDA4;
			productRefGroup = 00FEDA0B1EAADFD900D9BDA4 /* Products */;
			projectDirPath = "";
			projectRoot = "";
			targets = (
				00FEDA091EAADFD900D9BDA4 /* OpenGLESStudy */,
				00FEDA221EAADFDA00D9BDA4 /* OpenGLESStudyTests */,
				00FEDA2D1EAADFDA00D9BDA4 /* OpenGLESStudyUITests */,
			);
		};
/* End PBXProject section */

/* Begin PBXResourcesBuildPhase section */
		00FEDA081EAADFD900D9BDA4 /* Resources */ = {
			isa = PBXResourcesBuildPhase;
			buildActionMask = 2147483647;
			files = (
				00FEDA1D1EAADFD900D9BDA4 /* LaunchScreen.storyboard in Resources */,
				00702E1E1ECDBCA0001916B6 /* leaves.gif in Resources */,
				00FEDA1A1EAADFD900D9BDA4 /* Assets.xcassets in Resources */,
				00FEDA181EAADFD900D9BDA4 /* Main.storyboard in Resources */,
			);
			runOnlyForDeploymentPostprocessing = 0;
		};
		00FEDA211EAADFDA00D9BDA4 /* Resources */ = {
			isa = PBXResourcesBuildPhase;
			buildActionMask = 2147483647;
			files = (
			);
			runOnlyForDeploymentPostprocessing = 0;
		};
		00FEDA2C1EAADFDA00D9BDA4 /* Resources */ = {
			isa = PBXResourcesBuildPhase;
			buildActionMask = 2147483647;
			files = (
			);
			runOnlyForDeploymentPostprocessing = 0;
		};
/* End PBXResourcesBuildPhase section */

/* Begin PBXSourcesBuildPhase section */
		00FEDA061EAADFD900D9BDA4 /* Sources */ = {
			isa = PBXSourcesBuildPhase;
			buildActionMask = 2147483647;
			files = (
				00F8C0091EBF3D1000A267B1 /* Material.mm in Sources */,
				00FEDA151EAADFD900D9BDA4 /* ViewController.mm in Sources */,
				00819DF41EAB275F001EC3B4 /* BaseObject.mm in Sources */,
				00FEDA121EAADFD900D9BDA4 /* AppDelegate.m in Sources */,
				00F8BFFE1EBF17EA00A267B1 /* VertexArray.mm in Sources */,
				00FEDA0F1EAADFD900D9BDA4 /* main.m in Sources */,
				00819DF11EAB2748001EC3B4 /* Triangle.mm in Sources */,
				00819DF71EAB2F9F001EC3B4 /* SceneManager.mm in Sources */,
				0008D2AD1EAAE7E4001664ED /* FirstScene.mm in Sources */,
				0008D2BA1EAAEFF6001664ED /* Timer.mm in Sources */,
				0008D2AA1EAAE797001664ED /* BaseScene.mm in Sources */,
				00F8C00C1EBF40B700A267B1 /* TextureManager.mm in Sources */,
			);
			runOnlyForDeploymentPostprocessing = 0;
		};
		00FEDA1F1EAADFDA00D9BDA4 /* Sources */ = {
			isa = PBXSourcesBuildPhase;
			buildActionMask = 2147483647;
			files = (
				00FEDA281EAADFDA00D9BDA4 /* OpenGLESStudyTests.m in Sources */,
			);
			runOnlyForDeploymentPostprocessing = 0;
		};
		00FEDA2A1EAADFDA00D9BDA4 /* Sources */ = {
			isa = PBXSourcesBuildPhase;
			buildActionMask = 2147483647;
			files = (
				00FEDA331EAADFDA00D9BDA4 /* OpenGLESStudyUITests.m in Sources */,
			);
			runOnlyForDeploymentPostprocessing = 0;
		};
/* End PBXSourcesBuildPhase section */

/* Begin PBXTargetDependency section */
		00FEDA251EAADFDA00D9BDA4 /* PBXTargetDependency */ = {
			isa = PBXTargetDependency;
			target = 00FEDA091EAADFD900D9BDA4 /* OpenGLESStudy */;
			targetProxy = 00FEDA241EAADFDA00D9BDA4 /* PBXContainerItemProxy */;
		};
		00FEDA301EAADFDA00D9BDA4 /* PBXTargetDependency */ = {
			isa = PBXTargetDependency;
			target = 00FEDA091EAADFD900D9BDA4 /* OpenGLESStudy */;
			targetProxy = 00FEDA2F1EAADFDA00D9BDA4 /* PBXContainerItemProxy */;
		};
/* End PBXTargetDependency section */

/* Begin PBXVariantGroup section */
		00FEDA161EAADFD900D9BDA4 /* Main.storyboard */ = {
			isa = PBXVariantGroup;
			children = (
				00FEDA171EAADFD900D9BDA4 /* Base */,
			);
			name = Main.storyboard;
			sourceTree = "<group>";
		};
		00FEDA1B1EAADFD900D9BDA4 /* LaunchScreen.storyboard */ = {
			isa = PBXVariantGroup;
			children = (
				00FEDA1C1EAADFD900D9BDA4 /* Base */,
			);
			name = LaunchScreen.storyboard;
			sourceTree = "<group>";
		};
/* End PBXVariantGroup section */

/* Begin XCBuildConfiguration section */
		00FEDA351EAADFDA00D9BDA4 /* Debug */ = {
			isa = XCBuildConfiguration;
			buildSettings = {
				ALWAYS_SEARCH_USER_PATHS = NO;
				CLANG_ANALYZER_NONNULL = YES;
				CLANG_ANALYZER_NUMBER_OBJECT_CONVERSION = YES_AGGRESSIVE;
				CLANG_CXX_LANGUAGE_STANDARD = "gnu++0x";
				CLANG_CXX_LIBRARY = "libc++";
				CLANG_ENABLE_MODULES = YES;
				CLANG_ENABLE_OBJC_ARC = YES;
				CLANG_WARN_BOOL_CONVERSION = YES;
				CLANG_WARN_CONSTANT_CONVERSION = YES;
				CLANG_WARN_DIRECT_OBJC_ISA_USAGE = YES_ERROR;
				CLANG_WARN_DOCUMENTATION_COMMENTS = YES;
				CLANG_WARN_EMPTY_BODY = YES;
				CLANG_WARN_ENUM_CONVERSION = YES;
				CLANG_WARN_INFINITE_RECURSION = YES;
				CLANG_WARN_INT_CONVERSION = YES;
				CLANG_WARN_OBJC_ROOT_CLASS = YES_ERROR;
				CLANG_WARN_SUSPICIOUS_MOVE = YES;
				CLANG_WARN_UNREACHABLE_CODE = YES;
				CLANG_WARN__DUPLICATE_METHOD_MATCH = YES;
				"CODE_SIGN_IDENTITY[sdk=iphoneos*]" = "iPhone Developer";
				COPY_PHASE_STRIP = NO;
				DEBUG_INFORMATION_FORMAT = dwarf;
				ENABLE_STRICT_OBJC_MSGSEND = YES;
				ENABLE_TESTABILITY = YES;
				GCC_C_LANGUAGE_STANDARD = gnu99;
				GCC_DYNAMIC_NO_PIC = NO;
				GCC_NO_COMMON_BLOCKS = YES;
				GCC_OPTIMIZATION_LEVEL = 0;
				GCC_PREPROCESSOR_DEFINITIONS = (
					"DEBUG=1",
					"$(inherited)",
				);
				GCC_WARN_64_TO_32_BIT_CONVERSION = YES;
				GCC_WARN_ABOUT_RETURN_TYPE = YES_ERROR;
				GCC_WARN_UNDECLARED_SELECTOR = YES;
				GCC_WARN_UNINITIALIZED_AUTOS = YES_AGGRESSIVE;
				GCC_WARN_UNUSED_FUNCTION = YES;
				GCC_WARN_UNUSED_VARIABLE = YES;
				IPHONEOS_DEPLOYMENT_TARGET = 8.0;
				MTL_ENABLE_DEBUG_INFO = YES;
				ONLY_ACTIVE_ARCH = YES;
				SDKROOT = iphoneos;
				TARGETED_DEVICE_FAMILY = "1,2";
			};
			name = Debug;
		};
		00FEDA361EAADFDA00D9BDA4 /* Release */ = {
			isa = XCBuildConfiguration;
			buildSettings = {
				ALWAYS_SEARCH_USER_PATHS = NO;
				CLANG_ANALYZER_NONNULL = YES;
				CLANG_ANALYZER_NUMBER_OBJECT_CONVERSION = YES_AGGRESSIVE;
				CLANG_CXX_LANGUAGE_STANDARD = "gnu++0x";
				CLANG_CXX_LIBRARY = "libc++";
				CLANG_ENABLE_MODULES = YES;
				CLANG_ENABLE_OBJC_ARC = YES;
				CLANG_WARN_BOOL_CONVERSION = YES;
				CLANG_WARN_CONSTANT_CONVERSION = YES;
				CLANG_WARN_DIRECT_OBJC_ISA_USAGE = YES_ERROR;
				CLANG_WARN_DOCUMENTATION_COMMENTS = YES;
				CLANG_WARN_EMPTY_BODY = YES;
				CLANG_WARN_ENUM_CONVERSION = YES;
				CLANG_WARN_INFINITE_RECURSION = YES;
				CLANG_WARN_INT_CONVERSION = YES;
				CLANG_WARN_OBJC_ROOT_CLASS = YES_ERROR;
				CLANG_WARN_SUSPICIOUS_MOVE = YES;
				CLANG_WARN_UNREACHABLE_CODE = YES;
				CLANG_WARN__DUPLICATE_METHOD_MATCH = YES;
				"CODE_SIGN_IDENTITY[sdk=iphoneos*]" = "iPhone Developer";
				COPY_PHASE_STRIP = NO;
				DEBUG_INFORMATION_FORMAT = "dwarf-with-dsym";
				ENABLE_NS_ASSERTIONS = NO;
				ENABLE_STRICT_OBJC_MSGSEND = YES;
				GCC_C_LANGUAGE_STANDARD = gnu99;
				GCC_NO_COMMON_BLOCKS = YES;
				GCC_WARN_64_TO_32_BIT_CONVERSION = YES;
				GCC_WARN_ABOUT_RETURN_TYPE = YES_ERROR;
				GCC_WARN_UNDECLARED_SELECTOR = YES;
				GCC_WARN_UNINITIALIZED_AUTOS = YES_AGGRESSIVE;
				GCC_WARN_UNUSED_FUNCTION = YES;
				GCC_WARN_UNUSED_VARIABLE = YES;
				IPHONEOS_DEPLOYMENT_TARGET = 8.0;
				MTL_ENABLE_DEBUG_INFO = NO;
				SDKROOT = iphoneos;
				TARGETED_DEVICE_FAMILY = "1,2";
				VALIDATE_PRODUCT = YES;
			};
			name = Release;
		};
		00FEDA381EAADFDA00D9BDA4 /* Debug */ = {
			isa = XCBuildConfiguration;
			buildSettings = {
				ASSETCATALOG_COMPILER_APPICON_NAME = AppIcon;
				CLANG_CXX_LIBRARY = "libc++";
				GCC_INPUT_FILETYPE = automatic;
				HEADER_SEARCH_PATHS = (
					Framework/Scene/,
					Framework/,
				);
				INFOPLIST_FILE = OpenGLESStudy/Info.plist;
				LD_RUNPATH_SEARCH_PATHS = "$(inherited) @executable_path/Frameworks";
				PRODUCT_BUNDLE_IDENTIFIER = com.com2us.openglesstudy.OpenGLESStudy;
				PRODUCT_NAME = "$(TARGET_NAME)";
			};
			name = Debug;
		};
		00FEDA391EAADFDA00D9BDA4 /* Release */ = {
			isa = XCBuildConfiguration;
			buildSettings = {
				ASSETCATALOG_COMPILER_APPICON_NAME = AppIcon;
				CLANG_CXX_LIBRARY = "libc++";
				GCC_INPUT_FILETYPE = automatic;
				HEADER_SEARCH_PATHS = (
					Framework/Scene/,
					Framework/,
				);
				INFOPLIST_FILE = OpenGLESStudy/Info.plist;
				LD_RUNPATH_SEARCH_PATHS = "$(inherited) @executable_path/Frameworks";
				PRODUCT_BUNDLE_IDENTIFIER = com.com2us.openglesstudy.OpenGLESStudy;
				PRODUCT_NAME = "$(TARGET_NAME)";
			};
			name = Release;
		};
		00FEDA3B1EAADFDA00D9BDA4 /* Debug */ = {
			isa = XCBuildConfiguration;
			buildSettings = {
				BUNDLE_LOADER = "$(TEST_HOST)";
				INFOPLIST_FILE = OpenGLESStudyTests/Info.plist;
				LD_RUNPATH_SEARCH_PATHS = "$(inherited) @executable_path/Frameworks @loader_path/Frameworks";
				PRODUCT_BUNDLE_IDENTIFIER = com.com2us.openglesstudy.OpenGLESStudyTests;
				PRODUCT_NAME = "$(TARGET_NAME)";
				TEST_HOST = "$(BUILT_PRODUCTS_DIR)/OpenGLESStudy.app/OpenGLESStudy";
			};
			name = Debug;
		};
		00FEDA3C1EAADFDA00D9BDA4 /* Release */ = {
			isa = XCBuildConfiguration;
			buildSettings = {
				BUNDLE_LOADER = "$(TEST_HOST)";
				INFOPLIST_FILE = OpenGLESStudyTests/Info.plist;
				LD_RUNPATH_SEARCH_PATHS = "$(inherited) @executable_path/Frameworks @loader_path/Frameworks";
				PRODUCT_BUNDLE_IDENTIFIER = com.com2us.openglesstudy.OpenGLESStudyTests;
				PRODUCT_NAME = "$(TARGET_NAME)";
				TEST_HOST = "$(BUILT_PRODUCTS_DIR)/OpenGLESStudy.app/OpenGLESStudy";
			};
			name = Release;
		};
		00FEDA3E1EAADFDA00D9BDA4 /* Debug */ = {
			isa = XCBuildConfiguration;
			buildSettings = {
				INFOPLIST_FILE = OpenGLESStudyUITests/Info.plist;
				LD_RUNPATH_SEARCH_PATHS = "$(inherited) @executable_path/Frameworks @loader_path/Frameworks";
				PRODUCT_BUNDLE_IDENTIFIER = com.com2us.openglesstudy.OpenGLESStudyUITests;
				PRODUCT_NAME = "$(TARGET_NAME)";
				TEST_TARGET_NAME = OpenGLESStudy;
			};
			name = Debug;
		};
		00FEDA3F1EAADFDA00D9BDA4 /* Release */ = {
			isa = XCBuildConfiguration;
			buildSettings = {
				INFOPLIST_FILE = OpenGLESStudyUITests/Info.plist;
				LD_RUNPATH_SEARCH_PATHS = "$(inherited) @executable_path/Frameworks @loader_path/Frameworks";
				PRODUCT_BUNDLE_IDENTIFIER = com.com2us.openglesstudy.OpenGLESStudyUITests;
				PRODUCT_NAME = "$(TARGET_NAME)";
				TEST_TARGET_NAME = OpenGLESStudy;
			};
			name = Release;
		};
/* End XCBuildConfiguration section */

/* Begin XCConfigurationList section */
		00FEDA051EAADFD900D9BDA4 /* Build configuration list for PBXProject "OpenGLESStudy" */ = {
			isa = XCConfigurationList;
			buildConfigurations = (
				00FEDA351EAADFDA00D9BDA4 /* Debug */,
				00FEDA361EAADFDA00D9BDA4 /* Release */,
			);
			defaultConfigurationIsVisible = 0;
			defaultConfigurationName = Release;
		};
		00FEDA371EAADFDA00D9BDA4 /* Build configuration list for PBXNativeTarget "OpenGLESStudy" */ = {
			isa = XCConfigurationList;
			buildConfigurations = (
				00FEDA381EAADFDA00D9BDA4 /* Debug */,
				00FEDA391EAADFDA00D9BDA4 /* Release */,
			);
			defaultConfigurationIsVisible = 0;
			defaultConfigurationName = Release;
		};
		00FEDA3A1EAADFDA00D9BDA4 /* Build configuration list for PBXNativeTarget "OpenGLESStudyTests" */ = {
			isa = XCConfigurationList;
			buildConfigurations = (
				00FEDA3B1EAADFDA00D9BDA4 /* Debug */,
				00FEDA3C1EAADFDA00D9BDA4 /* Release */,
			);
			defaultConfigurationIsVisible = 0;
			defaultConfigurationName = Release;
		};
		00FEDA3D1EAADFDA00D9BDA4 /* Build configuration list for PBXNativeTarget "OpenGLESStudyUITests" */ = {
			isa = XCConfigurationList;
			buildConfigurations = (
				00FEDA3E1EAADFDA00D9BDA4 /* Debug */,
				00FEDA3F1EAADFDA00D9BDA4 /* Release */,
			);
			defaultConfigurationIsVisible = 0;
			defaultConfigurationName = Release;
		};
/* End XCConfigurationList section */
	};
	rootObject = 00FEDA021EAADFD900D9BDA4 /* Project object */;
}
